
Microsoft Visual Studio Solution File, Format Version 12.00
# Visual Studio Version 17
VisualStudioVersion = 17.3.32819.101
MinimumVisualStudioVersion = 10.0.40219.1
Project("{FAE04EC0-301F-11D3-BF4B-00C04F79EFBC}") = "RememberMyPassword", "RememberMyPassword\RememberMyPassword.csproj", "{5D085D18-23FB-4EA4-B422-2B9950FFF588}"
EndProject
Project("{54435603-DBB4-11D2-8724-00A0C9A8B90C}") = "Setup", "Setup\Setup.vdproj", "{C419FC98-1801-4A21-9FCB-9FACACB91024}"
EndProject
Global
	GlobalSection(SolutionConfigurationPlatforms) = preSolution
		Debug|Any CPU = Debug|Any CPU
		Release|Any CPU = Release|Any CPU
	EndGlobalSection
	GlobalSection(ProjectConfigurationPlatforms) = postSolution
		{5D085D18-23FB-4EA4-B422-2B9950FFF588}.Debug|Any CPU.ActiveCfg = Debug|Any CPU
		{5D085D18-23FB-4EA4-B422-2B9950FFF588}.Debug|Any CPU.Build.0 = Debug|Any CPU
		{5D085D18-23FB-4EA4-B422-2B9950FFF588}.Release|Any CPU.ActiveCfg = Release|Any CPU
		{5D085D18-23FB-4EA4-B422-2B9950FFF588}.Release|Any CPU.Build.0 = Release|Any CPU
		{C419FC98-1801-4A21-9FCB-9FACACB91024}.Debug|Any CPU.ActiveCfg = Debug
		{C419FC98-1801-4A21-9FCB-9FACACB91024}.Release|Any CPU.ActiveCfg = Release
	EndGlobalSection
	GlobalSection(SolutionProperties) = preSolution
		HideSolutionNode = FALSE
	EndGlobalSection
	GlobalSection(ExtensibilityGlobals) = postSolution
		SolutionGuid = {043F683D-AAFB-4D64-A689-10E279A941B1}
	EndGlobalSection
EndGlobal
